
Microsoft Visual Studio Solution File, Format Version 12.00
# Visual Studio Version 17
VisualStudioVersion = 17.14.36414.22 d17.14
MinimumVisualStudioVersion = 10.0.40219.1
Project("{FAE04EC0-301F-11D3-BF4B-00C04F79EFBC}") = "StarFox Zero Localization Tool", "StarFoxZeroLocalizationTool.csproj", "{BD346708-E1A3-3792-239B-3FB123A31648}"
EndProject
Global
	GlobalSection(SolutionConfigurationPlatforms) = preSolution
		Debug|Any CPU = Debug|Any CPU
		Release|Any CPU = Release|Any CPU
	EndGlobalSection
	GlobalSection(ProjectConfigurationPlatforms) = postSolution
		{BD346708-E1A3-3792-239B-3FB123A31648}.Debug|Any CPU.ActiveCfg = Debug|Any CPU
		{BD346708-E1A3-3792-239B-3FB123A31648}.Debug|Any CPU.Build.0 = Debug|Any CPU
		{BD346708-E1A3-3792-239B-3FB123A31648}.Release|Any CPU.ActiveCfg = Release|Any CPU
		{BD346708-E1A3-3792-239B-3FB123A31648}.Release|Any CPU.Build.0 = Release|Any CPU
	EndGlobalSection
	GlobalSection(SolutionProperties) = preSolution
		HideSolutionNode = FALSE
	EndGlobalSection
	GlobalSection(ExtensibilityGlobals) = postSolution
		SolutionGuid = {352DDACB-9708-422D-841E-652CA1B27636}
	EndGlobalSection
EndGlobal
